github.com/dgrijalva/jwt-go v3.2.0+incompatible/go.mod h1:E3ru+11k8xSBh+hMPgOLZmtrrCbhqsmaPHjLKYnJCaQ=
github.com/google/go-querystring v1.0.0 h1:Xkwi/a1rcvNg1PPYe5vI8GbeBY/jrVuDX5ASuANWTrk=
github.com/google/go-querystring v1.0.0/go.mod h1:odCYkC5MyYFN7vkCjXpyrEuKhc/BUO6wN/zVPAxq5ck=
github.com/himalayan-institute/zoom-lib-golang v1.0.0 h1:GBhXt/P0uRvbTAowkajgAMgdCyYgZB22tVxzGH1gnZg=
github.com/himalayan-institute/zoom-lib-golang v1.0.0/go.mod h1:yO9Ob+in8Nn1EnyCoEPoCwD20L+5zD9OIgODUb4VdXM=
github.com/joho/godotenv v1.3.0 h1:Zjp+RcGpHhGlrMbJzXTrZZPrWj+1vfm90La1wgB6Bhc=
github.com/joho/godotenv v1.3.0/go.mod h1:7hK45KPybAkOC6peb+G5yklZfMxEjkZhHbwpqxOKXbg=
gopkg.in/dgrijalva/jwt-go.v3 v3.2.0 h1:N46iQqOtHry7Hxzb9PGrP68oovQmj7EhudNoKHvbOvI=
gopkg.in/dgrijalva/jwt-go.v3 v3.2.0/go.mod h1:hdNXC2Z9yC029rvsQ/on2ZNQ44Z2XToVhpXXbR+J05A=
